github.com/codemodify/systemkit-logging v1.8.4 h1:nkbj0VpnRnpI4PE4w9HNUv/ySO3A/1Y9LVeT9j+ZvGM=
github.com/codemodify/systemkit-logging v1.8.4/go.mod h1:29Zc9P/MnY2bgenJU9aoDszUef+Xf40b3ajtusTBC1Q=
github.com/codemodify/systemkit-service-encoders-launchd v1.0.0 h1:S9cgQPK9hkt+cp6Uwe0Eb3zSf7arNBqu/Ls06o43Dcw=
github.com/codemodify/systemkit-service-encoders-launchd v1.0.0/go.mod h1:Tylr2+OiLYhn56y8MRvlbl3WfT1rTXPtJEZGiP/1FWk=
github.com/codemodify/systemkit-service-encoders-rc_d v1.0.1 h1:6FpnxwhaH4LKk3a2FMGtGYI/2D0lwSzvubfptid9UE0=
github.com/codemodify/systemkit-service-encoders-rc_d v1.0.1/go.mod h1:2BkmLV28VQH66vETGqr4tl07YxLmomaH5qLln3AHefI=
github.com/codemodify/systemkit-service-encoders-systemd v1.0.3 h1:5tunjOMC3XUdaAAUcj0ECNU5TNjwttM30v2RLwfTefk=
github.com/codemodify/systemkit-service-encoders-systemd v1.0.3/go.mod h1:mOjsWZXg3wF9IEcovq5JCfr4aO98Ct4/AEmsmKtPpoc=
github.com/codemodify/systemkit-service-encoders-systemv v1.0.1 h1:FZ4B4abQ3C9shxUmg56ahEOzfclIBVCdVqnJWaVzn+I=
github.com/codemodify/systemkit-service-encoders-systemv v1.0.1/go.mod h1:snmOHK9ByvPn03jukY0ixjUokmgG9veSLNIzNBuaBKM=
github.com/codemodify/systemkit-service-encoders-upstart v1.0.1 h1:oN9959zaKCfEnvPuKln3aAsU4cqRydFDI7vqrTgf7Fw=
github.com/codemodify/systemkit-service-encoders-upstart v1.0.1/go.mod h1:BcJD0iLp++xhQQTSeYo5qoIa5r5eerC8igwe7PsxPyk=
github.com/codemodify/systemkit-service-spec v1.0.1 h1:UHg60PsR+2blb9kqE3j+pJbHhUys6j+mQ8QprxrytBg=
github.com/codemodify/systemkit-service-spec v1.0.1/go.mod h1:/GURRGinl4NxbiK+mi9RIkrsXhNkjfIaIOma5SWF4nM=
github.com/groob/plist v0.0.0-20200425180238-0f631f258c01 h1:0T3XGXebqLj7zSVLng9wX9axQzTEnvj/h6eT7iLfUas=
github.com/groob/plist v0.0.0-20200425180238-0f631f258c01/go.mod h1:itkABA+w2cw7x5nYUS/pLRef6ludkZKOigbROmCTaFw=
golang.org/x/sys v0.0.0-20200515095857-1151b9dac4a9 h1:YTzHMGlqJu67/uEo1lBv0n3wBXhXNeUbB1XfN2vmTm0=
golang.org/x/sys v0.0.0-20200515095857-1151b9dac4a9/go.mod h1:h1NjWce9XRLGQEsW7wpKNCjG9DtNlClVuFLEZdDNbEs=
