github.com/codemodify/systemkit-clicmdflags v1.0.3 h1:6gYP6ZQI4kWtLtaiOyqAiq49LGTEYJw8V4UCVAzlXZE=
github.com/codemodify/systemkit-clicmdflags v1.0.3/go.mod h1:MD95bEMV5Gnn11H+gFSnerkWdQLLENRgptIBzf48b/E=
github.com/codemodify/systemkit-helpers-conv v1.7.9 h1:a3MRS88pBnOauCX82xuZEnHeJSfULQm6mVl9mIfC23Q=
github.com/codemodify/systemkit-helpers-conv v1.7.9/go.mod h1:yqHcvZcVmd9RPIIi49biNO9ALSY3CFTQeUnOVc1GjDY=
github.com/codemodify/systemkit-helpers-guid v1.7.9/go.mod h1:PBY47zBxTK7To13nvanJ516EUiSrpPxqDRXS0JKyNyc=
github.com/codemodify/systemkit-helpers-os v1.7.9 h1:Z1EgPCkhj/zoZ9sKlgsx1lLw/eRvwU2h5mMWGvvyyQU=
github.com/codemodify/systemkit-helpers-os v1.7.9/go.mod h1:2j8txlmkBgd4jjTz5h2nAvRPeK2D5ibE2i2g3wrOnLk=
github.com/codemodify/systemkit-helpers-reflection v1.7.9 h1:vPsYvbOiEZHT+rpoXlRx14IvzsKEAkYy7Aw2QEjF/G0=
github.com/codemodify/systemkit-helpers-reflection v1.7.9/go.mod h1:HunZSrygIcl5IBmnWAYoDoqvFRVu7GIUvC0/scCfPzY=
github.com/codemodify/systemkit-logging v1.8.4 h1:nkbj0VpnRnpI4PE4w9HNUv/ySO3A/1Y9LVeT9j+ZvGM=
github.com/codemodify/systemkit-logging v1.8.4/go.mod h1:29Zc9P/MnY2bgenJU9aoDszUef+Xf40b3ajtusTBC1Q=
github.com/codemodify/systemkit-service v1.8.3 h1:pAP804pa7fJO0ekuHiMrm8lBR0BJZ7EUl330r6rl/8s=
github.com/codemodify/systemkit-service v1.8.3/go.mod h1:9XwNPK+V9DOX5S7LO4zA6/lbR10nqptyierlRUm8QPc=
github.com/google/uuid v1.1.1/go.mod h1:TIyPZe4MgqvfeYDBFedMoGGpEw/LqOeaOT+nhxU+yHo=
github.com/groob/plist v0.0.0-20200425180238-0f631f258c01 h1:0T3XGXebqLj7zSVLng9wX9axQzTEnvj/h6eT7iLfUas=
github.com/groob/plist v0.0.0-20200425180238-0f631f258c01/go.mod h1:itkABA+w2cw7x5nYUS/pLRef6ludkZKOigbROmCTaFw=
golang.org/x/sys v0.0.0-20200513112337-417ce2331b5c h1:kISX68E8gSkNYAFRFiDU8rl5RIn1sJYKYb/r2vMLDrU=
golang.org/x/sys v0.0.0-20200513112337-417ce2331b5c/go.mod h1:h1NjWce9XRLGQEsW7wpKNCjG9DtNlClVuFLEZdDNbEs=
